
Microsoft Visual Studio Solution File, Format Version 12.00
# Visual Studio Version 16
VisualStudioVersion = 16.0.31005.135
MinimumVisualStudioVersion = 10.0.40219.1
Project("{9A19103F-16F7-4668-BE54-9A1E7A4F7556}") = "AthleticsDocs", "AthleticsDocs\AthleticsDocs.csproj", "{CAE0980C-1C1D-44BF-8A59-C0F95A99DF61}"
	ProjectSection(ProjectDependencies) = postProject
		{B5BE0C6F-C0C3-471A-802E-E3345D8AC8CF} = {B5BE0C6F-C0C3-471A-802E-E3345D8AC8CF}
	EndProjectSection
EndProject
Project("{9A19103F-16F7-4668-BE54-9A1E7A4F7556}") = "DataAccess", "DataAccess\DataAccess.csproj", "{B5BE0C6F-C0C3-471A-802E-E3345D8AC8CF}"
EndProject
Global
	GlobalSection(SolutionConfigurationPlatforms) = preSolution
		Debug|Any CPU = Debug|Any CPU
		Release|Any CPU = Release|Any CPU
	EndGlobalSection
	GlobalSection(ProjectConfigurationPlatforms) = postSolution
		{CAE0980C-1C1D-44BF-8A59-C0F95A99DF61}.Debug|Any CPU.ActiveCfg = Debug|Any CPU
		{CAE0980C-1C1D-44BF-8A59-C0F95A99DF61}.Debug|Any CPU.Build.0 = Debug|Any CPU
		{CAE0980C-1C1D-44BF-8A59-C0F95A99DF61}.Release|Any CPU.ActiveCfg = Release|Any CPU
		{CAE0980C-1C1D-44BF-8A59-C0F95A99DF61}.Release|Any CPU.Build.0 = Release|Any CPU
		{B5BE0C6F-C0C3-471A-802E-E3345D8AC8CF}.Debug|Any CPU.ActiveCfg = Debug|Any CPU
		{B5BE0C6F-C0C3-471A-802E-E3345D8AC8CF}.Debug|Any CPU.Build.0 = Debug|Any CPU
		{B5BE0C6F-C0C3-471A-802E-E3345D8AC8CF}.Release|Any CPU.ActiveCfg = Release|Any CPU
		{B5BE0C6F-C0C3-471A-802E-E3345D8AC8CF}.Release|Any CPU.Build.0 = Release|Any CPU
	EndGlobalSection
	GlobalSection(SolutionProperties) = preSolution
		HideSolutionNode = FALSE
	EndGlobalSection
	GlobalSection(ExtensibilityGlobals) = postSolution
		SolutionGuid = {39C36A7E-B8FC-4A15-8167-D8104135571D}
	EndGlobalSection
EndGlobal
